
Microsoft Visual Studio Solution File, Format Version 12.00
# Visual Studio Version 17
VisualStudioVersion = 17.3.32929.385
MinimumVisualStudioVersion = 10.0.40219.1
Project("{9A19103F-16F7-4668-BE54-9A1E7A4F7556}") = "Young-Artists", "Young-Artists\Young-Artists.csproj", "{CE04C7EC-2CB5-4525-944C-901589EE7CB7}"
EndProject
Project("{FAE04EC0-301F-11D3-BF4B-00C04F79EFBC}") = "Young-Artist-Server", "Young-Artist-Server\Young-Artist-Server.csproj", "{97F782FB-1DD9-4FA8-9037-CB0F8B046823}"
EndProject
Global
	GlobalSection(SolutionConfigurationPlatforms) = preSolution
		Debug|Any CPU = Debug|Any CPU
		Release|Any CPU = Release|Any CPU
	EndGlobalSection
	GlobalSection(ProjectConfigurationPlatforms) = postSolution
		{CE04C7EC-2CB5-4525-944C-901589EE7CB7}.Debug|Any CPU.ActiveCfg = Debug|Any CPU
		{CE04C7EC-2CB5-4525-944C-901589EE7CB7}.Debug|Any CPU.Build.0 = Debug|Any CPU
		{CE04C7EC-2CB5-4525-944C-901589EE7CB7}.Release|Any CPU.ActiveCfg = Release|Any CPU
		{CE04C7EC-2CB5-4525-944C-901589EE7CB7}.Release|Any CPU.Build.0 = Release|Any CPU
		{97F782FB-1DD9-4FA8-9037-CB0F8B046823}.Debug|Any CPU.ActiveCfg = Debug|Any CPU
		{97F782FB-1DD9-4FA8-9037-CB0F8B046823}.Debug|Any CPU.Build.0 = Debug|Any CPU
		{97F782FB-1DD9-4FA8-9037-CB0F8B046823}.Release|Any CPU.ActiveCfg = Release|Any CPU
		{97F782FB-1DD9-4FA8-9037-CB0F8B046823}.Release|Any CPU.Build.0 = Release|Any CPU
	EndGlobalSection
	GlobalSection(SolutionProperties) = preSolution
		HideSolutionNode = FALSE
	EndGlobalSection
	GlobalSection(ExtensibilityGlobals) = postSolution
		SolutionGuid = {D5458DD2-646D-4E73-85E6-F0AC098135E3}
	EndGlobalSection
EndGlobal
